
Microsoft Visual Studio Solution File, Format Version 12.00
# Visual Studio Version 16
VisualStudioVersion = 16.0.30309.148
MinimumVisualStudioVersion = 10.0.40219.1
Project("{FAE04EC0-301F-11D3-BF4B-00C04F79EFBC}") = "TableViewSample.UWP", "TableViewSample\TableViewSample.UWP\TableViewSample.UWP.csproj", "{862B0EAB-0869-416F-8EEA-42F595CE4C7A}"
EndProject
Project("{FAE04EC0-301F-11D3-BF4B-00C04F79EFBC}") = "TableViewSample.Android", "TableViewSample\TableViewSample.Android\TableViewSample.Android.csproj", "{B2E33A8B-95B7-47DF-B4F1-70112334CFEB}"
EndProject
Project("{FAE04EC0-301F-11D3-BF4B-00C04F79EFBC}") = "TableViewSample.iOS", "TableViewSample\TableViewSample.iOS\TableViewSample.iOS.csproj", "{5798E454-B483-4ECC-B567-75AD73BB6B43}"
EndProject
Project("{FAE04EC0-301F-11D3-BF4B-00C04F79EFBC}") = "TableViewSample", "TableViewSample\TableViewSample\TableViewSample.csproj", "{43CDACF8-C145-4553-82AD-038FCC2BD1FD}"
EndProject
Global
	GlobalSection(SolutionConfigurationPlatforms) = preSolution
		Debug|Any CPU = Debug|Any CPU
		Debug|ARM = Debug|ARM
		Debug|iPhone = Debug|iPhone
		Debug|iPhoneSimulator = Debug|iPhoneSimulator
		Debug|x64 = Debug|x64
		Debug|x86 = Debug|x86
		Release|Any CPU = Release|Any CPU
		Release|ARM = Release|ARM
		Release|iPhone = Release|iPhone
		Release|iPhoneSimulator = Release|iPhoneSimulator
		Release|x64 = Release|x64
		Release|x86 = Release|x86
	EndGlobalSection
	GlobalSection(ProjectConfigurationPlatforms) = postSolution
		{862B0EAB-0869-416F-8EEA-42F595CE4C7A}.Debug|Any CPU.ActiveCfg = Debug|x86
		{862B0EAB-0869-416F-8EEA-42F595CE4C7A}.Debug|Any CPU.Build.0 = Debug|x86
		{862B0EAB-0869-416F-8EEA-42F595CE4C7A}.Debug|Any CPU.Deploy.0 = Debug|x86
		{862B0EAB-0869-416F-8EEA-42F595CE4C7A}.Debug|ARM.ActiveCfg = Debug|ARM
		{862B0EAB-0869-416F-8EEA-42F595CE4C7A}.Debug|ARM.Build.0 = Debug|ARM
		{862B0EAB-0869-416F-8EEA-42F595CE4C7A}.Debug|ARM.Deploy.0 = Debug|ARM
		{862B0EAB-0869-416F-8EEA-42F595CE4C7A}.Debug|iPhone.ActiveCfg = Debug|x86
		{862B0EAB-0869-416F-8EEA-42F595CE4C7A}.Debug|iPhone.Build.0 = Debug|x86
		{862B0EAB-0869-416F-8EEA-42F595CE4C7A}.Debug|iPhone.Deploy.0 = Debug|x86
		{862B0EAB-0869-416F-8EEA-42F595CE4C7A}.Debug|iPhoneSimulator.ActiveCfg = Debug|x86
		{862B0EAB-0869-416F-8EEA-42F595CE4C7A}.Debug|iPhoneSimulator.Build.0 = Debug|x86
		{862B0EAB-0869-416F-8EEA-42F595CE4C7A}.Debug|iPhoneSimulator.Deploy.0 = Debug|x86
		{862B0EAB-0869-416F-8EEA-42F595CE4C7A}.Debug|x64.ActiveCfg = Debug|x64
		{862B0EAB-0869-416F-8EEA-42F595CE4C7A}.Debug|x64.Build.0 = Debug|x64
		{862B0EAB-0869-416F-8EEA-42F595CE4C7A}.Debug|x64.Deploy.0 = Debug|x64
		{862B0EAB-0869-416F-8EEA-42F595CE4C7A}.Debug|x86.ActiveCfg = Debug|x86
		{862B0EAB-0869-416F-8EEA-42F595CE4C7A}.Debug|x86.Build.0 = Debug|x86
		{862B0EAB-0869-416F-8EEA-42F595CE4C7A}.Debug|x86.Deploy.0 = Debug|x86
		{862B0EAB-0869-416F-8EEA-42F595CE4C7A}.Release|Any CPU.ActiveCfg = Release|x86
		{862B0EAB-0869-416F-8EEA-42F595CE4C7A}.Release|Any CPU.Build.0 = Release|x86
		{862B0EAB-0869-416F-8EEA-42F595CE4C7A}.Release|Any CPU.Deploy.0 = Release|x86
		{862B0EAB-0869-416F-8EEA-42F595CE4C7A}.Release|ARM.ActiveCfg = Release|ARM
		{862B0EAB-0869-416F-8EEA-42F595CE4C7A}.Release|ARM.Build.0 = Release|ARM
		{862B0EAB-0869-416F-8EEA-42F595CE4C7A}.Release|ARM.Deploy.0 = Release|ARM
		{862B0EAB-0869-416F-8EEA-42F595CE4C7A}.Release|iPhone.ActiveCfg = Release|x86
		{862B0EAB-0869-416F-8EEA-42F595CE4C7A}.Release|iPhone.Build.0 = Release|x86
		{862B0EAB-0869-416F-8EEA-42F595CE4C7A}.Release|iPhone.Deploy.0 = Release|x86
		{862B0EAB-0869-416F-8EEA-42F595CE4C7A}.Release|iPhoneSimulator.ActiveCfg = Release|x86
		{862B0EAB-0869-416F-8EEA-42F595CE4C7A}.Release|iPhoneSimulator.Build.0 = Release|x86
		{862B0EAB-0869-416F-8EEA-42F595CE4C7A}.Release|iPhoneSimulator.Deploy.0 = Release|x86
		{862B0EAB-0869-416F-8EEA-42F595CE4C7A}.Release|x64.ActiveCfg = Release|x64
		{862B0EAB-0869-416F-8EEA-42F595CE4C7A}.Release|x64.Build.0 = Release|x64
		{862B0EAB-0869-416F-8EEA-42F595CE4C7A}.Release|x64.Deploy.0 = Release|x64
		{862B0EAB-0869-416F-8EEA-42F595CE4C7A}.Release|x86.ActiveCfg = Release|x86
		{862B0EAB-0869-416F-8EEA-42F595CE4C7A}.Release|x86.Build.0 = Release|x86
		{862B0EAB-0869-416F-8EEA-42F595CE4C7A}.Release|x86.Deploy.0 = Release|x86
		{B2E33A8B-95B7-47DF-B4F1-70112334CFEB}.Debug|Any CPU.ActiveCfg = Debug|Any CPU
		{B2E33A8B-95B7-47DF-B4F1-70112334CFEB}.Debug|Any CPU.Build.0 = Debug|Any CPU
		{B2E33A8B-95B7-47DF-B4F1-70112334CFEB}.Debug|Any CPU.Deploy.0 = Debug|Any CPU
		{B2E33A8B-95B7-47DF-B4F1-70112334CFEB}.Debug|ARM.ActiveCfg = Debug|Any CPU
		{B2E33A8B-95B7-47DF-B4F1-70112334CFEB}.Debug|ARM.Build.0 = Debug|Any CPU
		{B2E33A8B-95B7-47DF-B4F1-70112334CFEB}.Debug|ARM.Deploy.0 = Debug|Any CPU
		{B2E33A8B-95B7-47DF-B4F1-70112334CFEB}.Debug|iPhone.ActiveCfg = Debug|Any CPU
		{B2E33A8B-95B7-47DF-B4F1-70112334CFEB}.Debug|iPhone.Build.0 = Debug|Any CPU
		{B2E33A8B-95B7-47DF-B4F1-70112334CFEB}.Debug|iPhone.Deploy.0 = Debug|Any CPU
		{B2E33A8B-95B7-47DF-B4F1-70112334CFEB}.Debug|iPhoneSimulator.ActiveCfg = Debug|Any CPU
		{B2E33A8B-95B7-47DF-B4F1-70112334CFEB}.Debug|iPhoneSimulator.Build.0 = Debug|Any CPU
		{B2E33A8B-95B7-47DF-B4F1-70112334CFEB}.Debug|iPhoneSimulator.Deploy.0 = Debug|Any CPU
		{B2E33A8B-95B7-47DF-B4F1-70112334CFEB}.Debug|x64.ActiveCfg = Debug|Any CPU
		{B2E33A8B-95B7-47DF-B4F1-70112334CFEB}.Debug|x64.Build.0 = Debug|Any CPU
		{B2E33A8B-95B7-47DF-B4F1-70112334CFEB}.Debug|x64.Deploy.0 = Debug|Any CPU
		{B2E33A8B-95B7-47DF-B4F1-70112334CFEB}.Debug|x86.ActiveCfg = Debug|Any CPU
		{B2E33A8B-95B7-47DF-B4F1-70112334CFEB}.Debug|x86.Build.0 = Debug|Any CPU
		{B2E33A8B-95B7-47DF-B4F1-70112334CFEB}.Debug|x86.Deploy.0 = Debug|Any CPU
		{B2E33A8B-95B7-47DF-B4F1-70112334CFEB}.Release|Any CPU.ActiveCfg = Release|Any CPU
		{B2E33A8B-95B7-47DF-B4F1-70112334CFEB}.Release|Any CPU.Build.0 = Release|Any CPU
		{B2E33A8B-95B7-47DF-B4F1-70112334CFEB}.Release|Any CPU.Deploy.0 = Release|Any CPU
		{B2E33A8B-95B7-47DF-B4F1-70112334CFEB}.Release|ARM.ActiveCfg = Release|Any CPU
		{B2E33A8B-95B7-47DF-B4F1-70112334CFEB}.Release|ARM.Build.0 = Release|Any CPU
		{B2E33A8B-95B7-47DF-B4F1-70112334CFEB}.Release|ARM.Deploy.0 = Release|Any CPU
		{B2E33A8B-95B7-47DF-B4F1-70112334CFEB}.Release|iPhone.ActiveCfg = Release|Any CPU
		{B2E33A8B-95B7-47DF-B4F1-70112334CFEB}.Release|iPhone.Build.0 = Release|Any CPU
		{B2E33A8B-95B7-47DF-B4F1-70112334CFEB}.Release|iPhone.Deploy.0 = Release|Any CPU
		{B2E33A8B-95B7-47DF-B4F1-70112334CFEB}.Release|iPhoneSimulator.ActiveCfg = Release|Any CPU
		{B2E33A8B-95B7-47DF-B4F1-70112334CFEB}.Release|iPhoneSimulator.Build.0 = Release|Any CPU
		{B2E33A8B-95B7-47DF-B4F1-70112334CFEB}.Release|iPhoneSimulator.Deploy.0 = Release|Any CPU
		{B2E33A8B-95B7-47DF-B4F1-70112334CFEB}.Release|x64.ActiveCfg = Release|Any CPU
		{B2E33A8B-95B7-47DF-B4F1-70112334CFEB}.Release|x64.Build.0 = Release|Any CPU
		{B2E33A8B-95B7-47DF-B4F1-70112334CFEB}.Release|x64.Deploy.0 = Release|Any CPU
		{B2E33A8B-95B7-47DF-B4F1-70112334CFEB}.Release|x86.ActiveCfg = Release|Any CPU
		{B2E33A8B-95B7-47DF-B4F1-70112334CFEB}.Release|x86.Build.0 = Release|Any CPU
		{B2E33A8B-95B7-47DF-B4F1-70112334CFEB}.Release|x86.Deploy.0 = Release|Any CPU
		{5798E454-B483-4ECC-B567-75AD73BB6B43}.Debug|Any CPU.ActiveCfg = Debug|iPhone
		{5798E454-B483-4ECC-B567-75AD73BB6B43}.Debug|Any CPU.Build.0 = Debug|iPhone
		{5798E454-B483-4ECC-B567-75AD73BB6B43}.Debug|Any CPU.Deploy.0 = Debug|iPhone
		{5798E454-B483-4ECC-B567-75AD73BB6B43}.Debug|ARM.ActiveCfg = Debug|iPhone
		{5798E454-B483-4ECC-B567-75AD73BB6B43}.Debug|ARM.Build.0 = Debug|iPhone
		{5798E454-B483-4ECC-B567-75AD73BB6B43}.Debug|ARM.Deploy.0 = Debug|iPhone
		{5798E454-B483-4ECC-B567-75AD73BB6B43}.Debug|iPhone.ActiveCfg = Debug|iPhone
		{5798E454-B483-4ECC-B567-75AD73BB6B43}.Debug|iPhone.Build.0 = Debug|iPhone
		{5798E454-B483-4ECC-B567-75AD73BB6B43}.Debug|iPhone.Deploy.0 = Debug|iPhone
		{5798E454-B483-4ECC-B567-75AD73BB6B43}.Debug|iPhoneSimulator.ActiveCfg = Debug|iPhoneSimulator
		{5798E454-B483-4ECC-B567-75AD73BB6B43}.Debug|iPhoneSimulator.Build.0 = Debug|iPhoneSimulator
		{5798E454-B483-4ECC-B567-75AD73BB6B43}.Debug|iPhoneSimulator.Deploy.0 = Debug|iPhoneSimulator
		{5798E454-B483-4ECC-B567-75AD73BB6B43}.Debug|x64.ActiveCfg = Debug|iPhone
		{5798E454-B483-4ECC-B567-75AD73BB6B43}.Debug|x64.Build.0 = Debug|iPhone
		{5798E454-B483-4ECC-B567-75AD73BB6B43}.Debug|x64.Deploy.0 = Debug|iPhone
		{5798E454-B483-4ECC-B567-75AD73BB6B43}.Debug|x86.ActiveCfg = Debug|iPhone
		{5798E454-B483-4ECC-B567-75AD73BB6B43}.Debug|x86.Build.0 = Debug|iPhone
		{5798E454-B483-4ECC-B567-75AD73BB6B43}.Debug|x86.Deploy.0 = Debug|iPhone
		{5798E454-B483-4ECC-B567-75AD73BB6B43}.Release|Any CPU.ActiveCfg = Release|iPhone
		{5798E454-B483-4ECC-B567-75AD73BB6B43}.Release|Any CPU.Build.0 = Release|iPhone
		{5798E454-B483-4ECC-B567-75AD73BB6B43}.Release|Any CPU.Deploy.0 = Release|iPhone
		{5798E454-B483-4ECC-B567-75AD73BB6B43}.Release|ARM.ActiveCfg = Release|iPhone
		{5798E454-B483-4ECC-B567-75AD73BB6B43}.Release|ARM.Build.0 = Release|iPhone
		{5798E454-B483-4ECC-B567-75AD73BB6B43}.Release|ARM.Deploy.0 = Release|iPhone
		{5798E454-B483-4ECC-B567-75AD73BB6B43}.Release|iPhone.ActiveCfg = Release|iPhone
		{5798E454-B483-4ECC-B567-75AD73BB6B43}.Release|iPhone.Build.0 = Release|iPhone
		{5798E454-B483-4ECC-B567-75AD73BB6B43}.Release|iPhone.Deploy.0 = Release|iPhone
		{5798E454-B483-4ECC-B567-75AD73BB6B43}.Release|iPhoneSimulator.ActiveCfg = Release|iPhoneSimulator
		{5798E454-B483-4ECC-B567-75AD73BB6B43}.Release|iPhoneSimulator.Build.0 = Release|iPhoneSimulator
		{5798E454-B483-4ECC-B567-75AD73BB6B43}.Release|iPhoneSimulator.Deploy.0 = Release|iPhoneSimulator
		{5798E454-B483-4ECC-B567-75AD73BB6B43}.Release|x64.ActiveCfg = Release|iPhone
		{5798E454-B483-4ECC-B567-75AD73BB6B43}.Release|x64.Build.0 = Release|iPhone
		{5798E454-B483-4ECC-B567-75AD73BB6B43}.Release|x64.Deploy.0 = Release|iPhone
		{5798E454-B483-4ECC-B567-75AD73BB6B43}.Release|x86.ActiveCfg = Release|iPhone
		{5798E454-B483-4ECC-B567-75AD73BB6B43}.Release|x86.Build.0 = Release|iPhone
		{5798E454-B483-4ECC-B567-75AD73BB6B43}.Release|x86.Deploy.0 = Release|iPhone
		{43CDACF8-C145-4553-82AD-038FCC2BD1FD}.Debug|Any CPU.ActiveCfg = Debug|Any CPU
		{43CDACF8-C145-4553-82AD-038FCC2BD1FD}.Debug|Any CPU.Build.0 = Debug|Any CPU
		{43CDACF8-C145-4553-82AD-038FCC2BD1FD}.Debug|Any CPU.Deploy.0 = Debug|Any CPU
		{43CDACF8-C145-4553-82AD-038FCC2BD1FD}.Debug|ARM.ActiveCfg = Debug|Any CPU
		{43CDACF8-C145-4553-82AD-038FCC2BD1FD}.Debug|ARM.Build.0 = Debug|Any CPU
		{43CDACF8-C145-4553-82AD-038FCC2BD1FD}.Debug|ARM.Deploy.0 = Debug|Any CPU
		{43CDACF8-C145-4553-82AD-038FCC2BD1FD}.Debug|iPhone.ActiveCfg = Debug|Any CPU
		{43CDACF8-C145-4553-82AD-038FCC2BD1FD}.Debug|iPhone.Build.0 = Debug|Any CPU
		{43CDACF8-C145-4553-82AD-038FCC2BD1FD}.Debug|iPhone.Deploy.0 = Debug|Any CPU
		{43CDACF8-C145-4553-82AD-038FCC2BD1FD}.Debug|iPhoneSimulator.ActiveCfg = Debug|Any CPU
		{43CDACF8-C145-4553-82AD-038FCC2BD1FD}.Debug|iPhoneSimulator.Build.0 = Debug|Any CPU
		{43CDACF8-C145-4553-82AD-038FCC2BD1FD}.Debug|iPhoneSimulator.Deploy.0 = Debug|Any CPU
		{43CDACF8-C145-4553-82AD-038FCC2BD1FD}.Debug|x64.ActiveCfg = Debug|Any CPU
		{43CDACF8-C145-4553-82AD-038FCC2BD1FD}.Debug|x64.Build.0 = Debug|Any CPU
		{43CDACF8-C145-4553-82AD-038FCC2BD1FD}.Debug|x64.Deploy.0 = Debug|Any CPU
		{43CDACF8-C145-4553-82AD-038FCC2BD1FD}.Debug|x86.ActiveCfg = Debug|Any CPU
		{43CDACF8-C145-4553-82AD-038FCC2BD1FD}.Debug|x86.Build.0 = Debug|Any CPU
		{43CDACF8-C145-4553-82AD-038FCC2BD1FD}.Debug|x86.Deploy.0 = Debug|Any CPU
		{43CDACF8-C145-4553-82AD-038FCC2BD1FD}.Release|Any CPU.ActiveCfg = Release|Any CPU
		{43CDACF8-C145-4553-82AD-038FCC2BD1FD}.Release|Any CPU.Build.0 = Release|Any CPU
		{43CDACF8-C145-4553-82AD-038FCC2BD1FD}.Release|Any CPU.Deploy.0 = Release|Any CPU
		{43CDACF8-C145-4553-82AD-038FCC2BD1FD}.Release|ARM.ActiveCfg = Release|Any CPU
		{43CDACF8-C145-4553-82AD-038FCC2BD1FD}.Release|ARM.Build.0 = Release|Any CPU
		{43CDACF8-C145-4553-82AD-038FCC2BD1FD}.Release|ARM.Deploy.0 = Release|Any CPU
		{43CDACF8-C145-4553-82AD-038FCC2BD1FD}.Release|iPhone.ActiveCfg = Release|Any CPU
		{43CDACF8-C145-4553-82AD-038FCC2BD1FD}.Release|iPhone.Build.0 = Release|Any CPU
		{43CDACF8-C145-4553-82AD-038FCC2BD1FD}.Release|iPhone.Deploy.0 = Release|Any CPU
		{43CDACF8-C145-4553-82AD-038FCC2BD1FD}.Release|iPhoneSimulator.ActiveCfg = Release|Any CPU
		{43CDACF8-C145-4553-82AD-038FCC2BD1FD}.Release|iPhoneSimulator.Build.0 = Release|Any CPU
		{43CDACF8-C145-4553-82AD-038FCC2BD1FD}.Release|iPhoneSimulator.Deploy.0 = Release|Any CPU
		{43CDACF8-C145-4553-82AD-038FCC2BD1FD}.Release|x64.ActiveCfg = Release|Any CPU
		{43CDACF8-C145-4553-82AD-038FCC2BD1FD}.Release|x64.Build.0 = Release|Any CPU
		{43CDACF8-C145-4553-82AD-038FCC2BD1FD}.Release|x64.Deploy.0 = Release|Any CPU
		{43CDACF8-C145-4553-82AD-038FCC2BD1FD}.Release|x86.ActiveCfg = Release|Any CPU
		{43CDACF8-C145-4553-82AD-038FCC2BD1FD}.Release|x86.Build.0 = Release|Any CPU
		{43CDACF8-C145-4553-82AD-038FCC2BD1FD}.Release|x86.Deploy.0 = Release|Any CPU
	EndGlobalSection
	GlobalSection(SolutionProperties) = preSolution
		HideSolutionNode = FALSE
	EndGlobalSection
	GlobalSection(ExtensibilityGlobals) = postSolution
		SolutionGuid = {90425156-80B8-4896-AD80-CCAAC5AC7749}
	EndGlobalSection
EndGlobal
